// !$*UTF8*$!
{
	archiveVersion = 1;
	classes = {
	};
	objectVersion = 77;
	objects = {

/* Begin PBXBuildFile section */
		D000D24B2EB37D0800FF06DF /* WidgetKit.framework in Frameworks */ = {isa = PBXBuildFile; fileRef = D000D24A2EB37D0800FF06DF /* WidgetKit.framework */; };
		D000D24D2EB37D0800FF06DF /* SwiftUI.framework in Frameworks */ = {isa = PBXBuildFile; fileRef = D000D24C2EB37D0800FF06DF /* SwiftUI.framework */; };
		D000D25E2EB37D0900FF06DF /* CallReminderWidgetExtension.appex in Embed Foundation Extensions */ = {isa = PBXBuildFile; fileRef = D000D2482EB37D0800FF06DF /* CallReminderWidgetExtension.appex */; settings = {ATTRIBUTES = (RemoveHeadersOnCopy, ); }; };
		D000DAE02EBA606C00FF06DF /* LifeStyles.storekit in Resources */ = {isa = PBXBuildFile; fileRef = D000DADF2EBA606C00FF06DF /* LifeStyles.storekit */; };
		D000DAE12EBA606C00FF06DF /* LifeStyles.storekit in Resources */ = {isa = PBXBuildFile; fileRef = D000DADF2EBA606C00FF06DF /* LifeStyles.storekit */; };
		D000DAF42EBA900E00FF06DF /* WidgetKit.framework in Frameworks */ = {isa = PBXBuildFile; fileRef = D000D24A2EB37D0800FF06DF /* WidgetKit.framework */; };
		D000DAF52EBA900E00FF06DF /* SwiftUI.framework in Frameworks */ = {isa = PBXBuildFile; fileRef = D000D24C2EB37D0800FF06DF /* SwiftUI.framework */; };
		D000DB062EBA901000FF06DF /* FriendsWidgetExtension.appex in Embed Foundation Extensions */ = {isa = PBXBuildFile; fileRef = D000DAF32EBA900E00FF06DF /* FriendsWidgetExtension.appex */; settings = {ATTRIBUTES = (RemoveHeadersOnCopy, ); }; };
/* End PBXBuildFile section */

/* Begin PBXContainerItemProxy section */
		D000D25C2EB37D0900FF06DF /* PBXContainerItemProxy */ = {
			isa = PBXContainerItemProxy;
			containerPortal = D0E15C112E9FCEE6008E81C0 /* Project object */;
			proxyType = 1;
			remoteGlobalIDString = D000D2472EB37D0800FF06DF;
			remoteInfo = CallReminderWidgetExtension;
		};
		D000DB042EBA901000FF06DF /* PBXContainerItemProxy */ = {
			isa = PBXContainerItemProxy;
			containerPortal = D0E15C112E9FCEE6008E81C0 /* Project object */;
			proxyType = 1;
			remoteGlobalIDString = D000DAF22EBA900E00FF06DF;
			remoteInfo = FriendsWidgetExtension;
		};
/* End PBXContainerItemProxy section */

/* Begin PBXCopyFilesBuildPhase section */
		D000D2632EB37D0900FF06DF /* Embed Foundation Extensions */ = {
			isa = PBXCopyFilesBuildPhase;
			buildActionMask = 2147483647;
			dstPath = "";
			dstSubfolderSpec = 13;
			files = (
				D000DB062EBA901000FF06DF /* FriendsWidgetExtension.appex in Embed Foundation Extensions */,
				D000D25E2EB37D0900FF06DF /* CallReminderWidgetExtension.appex in Embed Foundation Extensions */,
			);
			name = "Embed Foundation Extensions";
			runOnlyForDeploymentPostprocessing = 0;
		};
/* End PBXCopyFilesBuildPhase section */

/* Begin PBXFileReference section */
		D000D2482EB37D0800FF06DF /* CallReminderWidgetExtension.appex */ = {isa = PBXFileReference; explicitFileType = "wrapper.app-extension"; includeInIndex = 0; path = CallReminderWidgetExtension.appex; sourceTree = BUILT_PRODUCTS_DIR; };
		D000D24A2EB37D0800FF06DF /* WidgetKit.framework */ = {isa = PBXFileReference; lastKnownFileType = wrapper.framework; name = WidgetKit.framework; path = System/Library/Frameworks/WidgetKit.framework; sourceTree = SDKROOT; };
		D000D24C2EB37D0800FF06DF /* SwiftUI.framework */ = {isa = PBXFileReference; lastKnownFileType = wrapper.framework; name = SwiftUI.framework; path = System/Library/Frameworks/SwiftUI.framework; sourceTree = SDKROOT; };
		D000D2672EB38A6F00FF06DF /* CallReminderWidgetExtension.entitlements */ = {isa = PBXFileReference; lastKnownFileType = text.plist.entitlements; path = CallReminderWidgetExtension.entitlements; sourceTree = "<group>"; };
		D000DADF2EBA606C00FF06DF /* LifeStyles.storekit */ = {isa = PBXFileReference; lastKnownFileType = text; path = LifeStyles.storekit; sourceTree = "<group>"; };
		D000DAF32EBA900E00FF06DF /* FriendsWidgetExtension.appex */ = {isa = PBXFileReference; explicitFileType = "wrapper.app-extension"; includeInIndex = 0; path = FriendsWidgetExtension.appex; sourceTree = BUILT_PRODUCTS_DIR; };
		D0E15C192E9FCEE6008E81C0 /* LifeStyles.app */ = {isa = PBXFileReference; explicitFileType = wrapper.application; includeInIndex = 0; path = LifeStyles.app; sourceTree = BUILT_PRODUCTS_DIR; };
/* End PBXFileReference section */

/* Begin PBXFileSystemSynchronizedBuildFileExceptionSet section */
		D000D2622EB37D0900FF06DF /* Exceptions for "CallReminderWidget" folder in "CallReminderWidgetExtension" target */ = {
			isa = PBXFileSystemSynchronizedBuildFileExceptionSet;
			membershipExceptions = (
				Info.plist,
			);
			target = D000D2472EB37D0800FF06DF /* CallReminderWidgetExtension */;
		};
		D000DB0A2EBA901000FF06DF /* Exceptions for "FriendsWidget" folder in "FriendsWidgetExtension" target */ = {
			isa = PBXFileSystemSynchronizedBuildFileExceptionSet;
			membershipExceptions = (
				Info.plist,
			);
			target = D000DAF22EBA900E00FF06DF /* FriendsWidgetExtension */;
		};
		D000DB142EBA91D200FF06DF /* Exceptions for "LifeStyles" folder in "FriendsWidgetExtension" target */ = {
			isa = PBXFileSystemSynchronizedBuildFileExceptionSet;
			membershipExceptions = (
				Shared/FriendWidgetData.swift,
			);
			target = D000DAF22EBA900E00FF06DF /* FriendsWidgetExtension */;
		};
		D0E15C5C2E9FD42B008E81C0 /* Exceptions for "LifeStyles" folder in "LifeStyles" target */ = {
			isa = PBXFileSystemSynchronizedBuildFileExceptionSet;
			membershipExceptions = (
				Info.plist,
			);
			target = D0E15C182E9FCEE6008E81C0 /* LifeStyles */;
		};
/* End PBXFileSystemSynchronizedBuildFileExceptionSet section */

/* Begin PBXFileSystemSynchronizedRootGroup section */
		D000D24E2EB37D0800FF06DF /* CallReminderWidget */ = {
			isa = PBXFileSystemSynchronizedRootGroup;
			exceptions = (
				D000D2622EB37D0900FF06DF /* Exceptions for "CallReminderWidget" folder in "CallReminderWidgetExtension" target */,
			);
			path = CallReminderWidget;
			sourceTree = "<group>";
		};
		D000DAF62EBA900E00FF06DF /* FriendsWidget */ = {
			isa = PBXFileSystemSynchronizedRootGroup;
			exceptions = (
				D000DB0A2EBA901000FF06DF /* Exceptions for "FriendsWidget" folder in "FriendsWidgetExtension" target */,
			);
			path = FriendsWidget;
			sourceTree = "<group>";
		};
		D0E15C1B2E9FCEE6008E81C0 /* LifeStyles */ = {
			isa = PBXFileSystemSynchronizedRootGroup;
			exceptions = (
				D0E15C5C2E9FD42B008E81C0 /* Exceptions for "LifeStyles" folder in "LifeStyles" target */,
				D000DB142EBA91D200FF06DF /* Exceptions for "LifeStyles" folder in "FriendsWidgetExtension" target */,
			);
			path = LifeStyles;
			sourceTree = "<group>";
		};
/* End PBXFileSystemSynchronizedRootGroup section */

/* Begin PBXFrameworksBuildPhase section */
		D000D2452EB37D0800FF06DF /* Frameworks */ = {
			isa = PBXFrameworksBuildPhase;
			buildActionMask = 2147483647;
			files = (
				D000D24D2EB37D0800FF06DF /* SwiftUI.framework in Frameworks */,
				D000D24B2EB37D0800FF06DF /* WidgetKit.framework in Frameworks */,
			);
			runOnlyForDeploymentPostprocessing = 0;
		};
		D000DAF02EBA900E00FF06DF /* Frameworks */ = {
			isa = PBXFrameworksBuildPhase;
			buildActionMask = 2147483647;
			files = (
				D000DAF52EBA900E00FF06DF /* SwiftUI.framework in Frameworks */,
				D000DAF42EBA900E00FF06DF /* WidgetKit.framework in Frameworks */,
			);
			runOnlyForDeploymentPostprocessing = 0;
		};
		D0E15C162E9FCEE6008E81C0 /* Frameworks */ = {
			isa = PBXFrameworksBuildPhase;
			buildActionMask = 2147483647;
			files = (
			);
			runOnlyForDeploymentPostprocessing = 0;
		};
/* End PBXFrameworksBuildPhase section */

/* Begin PBXGroup section */
		D000D2492EB37D0800FF06DF /* Frameworks */ = {
			isa = PBXGroup;
			children = (
				D000D24A2EB37D0800FF06DF /* WidgetKit.framework */,
				D000D24C2EB37D0800FF06DF /* SwiftUI.framework */,
			);
			name = Frameworks;
			sourceTree = "<group>";
		};
		D0E15C102E9FCEE6008E81C0 = {
			isa = PBXGroup;
			children = (
				D000DADF2EBA606C00FF06DF /* LifeStyles.storekit */,
				D000D2672EB38A6F00FF06DF /* CallReminderWidgetExtension.entitlements */,
				D0E15C1B2E9FCEE6008E81C0 /* LifeStyles */,
				D000D24E2EB37D0800FF06DF /* CallReminderWidget */,
				D000DAF62EBA900E00FF06DF /* FriendsWidget */,
				D000D2492EB37D0800FF06DF /* Frameworks */,
				D0E15C1A2E9FCEE6008E81C0 /* Products */,
			);
			sourceTree = "<group>";
		};
		D0E15C1A2E9FCEE6008E81C0 /* Products */ = {
			isa = PBXGroup;
			children = (
				D0E15C192E9FCEE6008E81C0 /* LifeStyles.app */,
				D000D2482EB37D0800FF06DF /* CallReminderWidgetExtension.appex */,
				D000DAF32EBA900E00FF06DF /* FriendsWidgetExtension.appex */,
			);
			name = Products;
			sourceTree = "<group>";
		};
/* End PBXGroup section */

/* Begin PBXNativeTarget section */
		D000D2472EB37D0800FF06DF /* CallReminderWidgetExtension */ = {
			isa = PBXNativeTarget;
			buildConfigurationList = D000D25F2EB37D0900FF06DF /* Build configuration list for PBXNativeTarget "CallReminderWidgetExtension" */;
			buildPhases = (
				D000D2442EB37D0800FF06DF /* Sources */,
				D000D2452EB37D0800FF06DF /* Frameworks */,
				D000D2462EB37D0800FF06DF /* Resources */,
			);
			buildRules = (
			);
			dependencies = (
			);
			fileSystemSynchronizedGroups = (
				D000D24E2EB37D0800FF06DF /* CallReminderWidget */,
			);
			name = CallReminderWidgetExtension;
			packageProductDependencies = (
			);
			productName = CallReminderWidgetExtension;
			productReference = D000D2482EB37D0800FF06DF /* CallReminderWidgetExtension.appex */;
			productType = "com.apple.product-type.app-extension";
		};
		D000DAF22EBA900E00FF06DF /* FriendsWidgetExtension */ = {
			isa = PBXNativeTarget;
			buildConfigurationList = D000DB072EBA901000FF06DF /* Build configuration list for PBXNativeTarget "FriendsWidgetExtension" */;
			buildPhases = (
				D000DAEF2EBA900E00FF06DF /* Sources */,
				D000DAF02EBA900E00FF06DF /* Frameworks */,
				D000DAF12EBA900E00FF06DF /* Resources */,
			);
			buildRules = (
			);
			dependencies = (
			);
			fileSystemSynchronizedGroups = (
				D000DAF62EBA900E00FF06DF /* FriendsWidget */,
			);
			name = FriendsWidgetExtension;
			packageProductDependencies = (
			);
			productName = FriendsWidgetExtension;
			productReference = D000DAF32EBA900E00FF06DF /* FriendsWidgetExtension.appex */;
			productType = "com.apple.product-type.app-extension";
		};
		D0E15C182E9FCEE6008E81C0 /* LifeStyles */ = {
			isa = PBXNativeTarget;
			buildConfigurationList = D0E15C242E9FCEE7008E81C0 /* Build configuration list for PBXNativeTarget "LifeStyles" */;
			buildPhases = (
				D0E15C152E9FCEE6008E81C0 /* Sources */,
				D0E15C162E9FCEE6008E81C0 /* Frameworks */,
				D0E15C172E9FCEE6008E81C0 /* Resources */,
				D000D2632EB37D0900FF06DF /* Embed Foundation Extensions */,
			);
			buildRules = (
			);
			dependencies = (
				D000D25D2EB37D0900FF06DF /* PBXTargetDependency */,
				D000DB052EBA901000FF06DF /* PBXTargetDependency */,
			);
			fileSystemSynchronizedGroups = (
				D0E15C1B2E9FCEE6008E81C0 /* LifeStyles */,
			);
			name = LifeStyles;
			packageProductDependencies = (
			);
			productName = LifeStyles;
			productReference = D0E15C192E9FCEE6008E81C0 /* LifeStyles.app */;
			productType = "com.apple.product-type.application";
		};
/* End PBXNativeTarget section */

/* Begin PBXProject section */
		D0E15C112E9FCEE6008E81C0 /* Project object */ = {
			isa = PBXProject;
			attributes = {
				BuildIndependentTargetsInParallel = 1;
				LastSwiftUpdateCheck = 2600;
				LastUpgradeCheck = 1640;
				TargetAttributes = {
					D000D2472EB37D0800FF06DF = {
						CreatedOnToolsVersion = 26.0.1;
					};
					D000DAF22EBA900E00FF06DF = {
						CreatedOnToolsVersion = 26.0.1;
					};
					D0E15C182E9FCEE6008E81C0 = {
						CreatedOnToolsVersion = 16.4;
					};
				};
			};
			buildConfigurationList = D0E15C142E9FCEE6008E81C0 /* Build configuration list for PBXProject "LifeStyles" */;
			developmentRegion = en;
			hasScannedForEncodings = 0;
			knownRegions = (
				en,
				Base,
				tr,
			);
			mainGroup = D0E15C102E9FCEE6008E81C0;
			minimizedProjectReferenceProxies = 1;
			preferredProjectObjectVersion = 77;
			productRefGroup = D0E15C1A2E9FCEE6008E81C0 /* Products */;
			projectDirPath = "";
			projectRoot = "";
			targets = (
				D0E15C182E9FCEE6008E81C0 /* LifeStyles */,
				D000D2472EB37D0800FF06DF /* CallReminderWidgetExtension */,
				D000DAF22EBA900E00FF06DF /* FriendsWidgetExtension */,
			);
		};
/* End PBXProject section */

/* Begin PBXResourcesBuildPhase section */
		D000D2462EB37D0800FF06DF /* Resources */ = {
			isa = PBXResourcesBuildPhase;
			buildActionMask = 2147483647;
			files = (
				D000DAE02EBA606C00FF06DF /* LifeStyles.storekit in Resources */,
			);
			runOnlyForDeploymentPostprocessing = 0;
		};
		D000DAF12EBA900E00FF06DF /* Resources */ = {
			isa = PBXResourcesBuildPhase;
			buildActionMask = 2147483647;
			files = (
			);
			runOnlyForDeploymentPostprocessing = 0;
		};
		D0E15C172E9FCEE6008E81C0 /* Resources */ = {
			isa = PBXResourcesBuildPhase;
			buildActionMask = 2147483647;
			files = (
				D000DAE12EBA606C00FF06DF /* LifeStyles.storekit in Resources */,
			);
			runOnlyForDeploymentPostprocessing = 0;
		};
/* End PBXResourcesBuildPhase section */

/* Begin PBXSourcesBuildPhase section */
		D000D2442EB37D0800FF06DF /* Sources */ = {
			isa = PBXSourcesBuildPhase;
			buildActionMask = 2147483647;
			files = (
			);
			runOnlyForDeploymentPostprocessing = 0;
		};
		D000DAEF2EBA900E00FF06DF /* Sources */ = {
			isa = PBXSourcesBuildPhase;
			buildActionMask = 2147483647;
			files = (
			);
			runOnlyForDeploymentPostprocessing = 0;
		};
		D0E15C152E9FCEE6008E81C0 /* Sources */ = {
			isa = PBXSourcesBuildPhase;
			buildActionMask = 2147483647;
			files = (
			);
			runOnlyForDeploymentPostprocessing = 0;
		};
/* End PBXSourcesBuildPhase section */

/* Begin PBXTargetDependency section */
		D000D25D2EB37D0900FF06DF /* PBXTargetDependency */ = {
			isa = PBXTargetDependency;
			target = D000D2472EB37D0800FF06DF /* CallReminderWidgetExtension */;
			targetProxy = D000D25C2EB37D0900FF06DF /* PBXContainerItemProxy */;
		};
		D000DB052EBA901000FF06DF /* PBXTargetDependency */ = {
			isa = PBXTargetDependency;
			target = D000DAF22EBA900E00FF06DF /* FriendsWidgetExtension */;
			targetProxy = D000DB042EBA901000FF06DF /* PBXContainerItemProxy */;
		};
/* End PBXTargetDependency section */

/* Begin XCBuildConfiguration section */
		D000D2602EB37D0900FF06DF /* Debug */ = {
			isa = XCBuildConfiguration;
			buildSettings = {
				ASSETCATALOG_COMPILER_GLOBAL_ACCENT_COLOR_NAME = AccentColor;
				ASSETCATALOG_COMPILER_WIDGET_BACKGROUND_COLOR_NAME = WidgetBackground;
				CODE_SIGN_ENTITLEMENTS = CallReminderWidgetExtension.entitlements;
				CODE_SIGN_STYLE = Automatic;
				CURRENT_PROJECT_VERSION = 1;
				DEVELOPMENT_TEAM = 5M7U3298D7;
				GENERATE_INFOPLIST_FILE = YES;
				INFOPLIST_FILE = CallReminderWidget/Info.plist;
				INFOPLIST_KEY_CFBundleDisplayName = CallReminderWidget;
				INFOPLIST_KEY_NSHumanReadableCopyright = "";
				IPHONEOS_DEPLOYMENT_TARGET = 26.0;
				LD_RUNPATH_SEARCH_PATHS = (
					"$(inherited)",
					"@executable_path/Frameworks",
					"@executable_path/../../Frameworks",
				);
				MARKETING_VERSION = 1.0;
				PRODUCT_BUNDLE_IDENTIFIER = sezginpak.LifeStyles.CallReminderWidget;
				PRODUCT_NAME = "$(TARGET_NAME)";
				SKIP_INSTALL = YES;
				STRING_CATALOG_GENERATE_SYMBOLS = YES;
				SWIFT_APPROACHABLE_CONCURRENCY = YES;
				SWIFT_EMIT_LOC_STRINGS = YES;
				SWIFT_UPCOMING_FEATURE_MEMBER_IMPORT_VISIBILITY = YES;
				SWIFT_VERSION = 5.0;
				TARGETED_DEVICE_FAMILY = "1,2";
			};
			name = Debug;
		};
		D000D2612EB37D0900FF06DF /* Release */ = {
			isa = XCBuildConfiguration;
			buildSettings = {
				ASSETCATALOG_COMPILER_GLOBAL_ACCENT_COLOR_NAME = AccentColor;
				ASSETCATALOG_COMPILER_WIDGET_BACKGROUND_COLOR_NAME = WidgetBackground;
				CODE_SIGN_ENTITLEMENTS = CallReminderWidgetExtension.entitlements;
				CODE_SIGN_STYLE = Automatic;
				CURRENT_PROJECT_VERSION = 1;
				DEVELOPMENT_TEAM = 5M7U3298D7;
				GENERATE_INFOPLIST_FILE = YES;
				INFOPLIST_FILE = CallReminderWidget/Info.plist;
				INFOPLIST_KEY_CFBundleDisplayName = CallReminderWidget;
				INFOPLIST_KEY_NSHumanReadableCopyright = "";
				IPHONEOS_DEPLOYMENT_TARGET = 26.0;
				LD_RUNPATH_SEARCH_PATHS = (
					"$(inherited)",
					"@executable_path/Frameworks",
					"@executable_path/../../Frameworks",
				);
				MARKETING_VERSION = 1.0;
				PRODUCT_BUNDLE_IDENTIFIER = sezginpak.LifeStyles.CallReminderWidget;
				PRODUCT_NAME = "$(TARGET_NAME)";
				SKIP_INSTALL = YES;
				STRING_CATALOG_GENERATE_SYMBOLS = YES;
				SWIFT_APPROACHABLE_CONCURRENCY = YES;
				SWIFT_EMIT_LOC_STRINGS = YES;
				SWIFT_UPCOMING_FEATURE_MEMBER_IMPORT_VISIBILITY = YES;
				SWIFT_VERSION = 5.0;
				TARGETED_DEVICE_FAMILY = "1,2";
			};
			name = Release;
		};
		D000DB082EBA901000FF06DF /* Debug */ = {
			isa = XCBuildConfiguration;
			buildSettings = {
				ASSETCATALOG_COMPILER_GLOBAL_ACCENT_COLOR_NAME = AccentColor;
				ASSETCATALOG_COMPILER_WIDGET_BACKGROUND_COLOR_NAME = WidgetBackground;
				CODE_SIGN_STYLE = Automatic;
				CURRENT_PROJECT_VERSION = 1;
				DEVELOPMENT_TEAM = 5M7U3298D7;
				GENERATE_INFOPLIST_FILE = YES;
				INFOPLIST_FILE = FriendsWidget/Info.plist;
				INFOPLIST_KEY_CFBundleDisplayName = FriendsWidget;
				INFOPLIST_KEY_NSHumanReadableCopyright = "";
				LD_RUNPATH_SEARCH_PATHS = (
					"$(inherited)",
					"@executable_path/Frameworks",
					"@executable_path/../../Frameworks",
				);
				MARKETING_VERSION = 1.0;
				PRODUCT_BUNDLE_IDENTIFIER = sezginpak.LifeStyles.FriendsWidget;
				PRODUCT_NAME = "$(TARGET_NAME)";
				SKIP_INSTALL = YES;
				STRING_CATALOG_GENERATE_SYMBOLS = YES;
				SWIFT_APPROACHABLE_CONCURRENCY = YES;
				SWIFT_EMIT_LOC_STRINGS = YES;
				SWIFT_UPCOMING_FEATURE_MEMBER_IMPORT_VISIBILITY = YES;
				SWIFT_VERSION = 5.0;
				TARGETED_DEVICE_FAMILY = "1,2";
			};
			name = Debug;
		};
		D000DB092EBA901000FF06DF /* Release */ = {
			isa = XCBuildConfiguration;
			buildSettings = {
				ASSETCATALOG_COMPILER_GLOBAL_ACCENT_COLOR_NAME = AccentColor;
				ASSETCATALOG_COMPILER_WIDGET_BACKGROUND_COLOR_NAME = WidgetBackground;
				CODE_SIGN_STYLE = Automatic;
				CURRENT_PROJECT_VERSION = 1;
				DEVELOPMENT_TEAM = 5M7U3298D7;
				GENERATE_INFOPLIST_FILE = YES;
				INFOPLIST_FILE = FriendsWidget/Info.plist;
				INFOPLIST_KEY_CFBundleDisplayName = FriendsWidget;
				INFOPLIST_KEY_NSHumanReadableCopyright = "";
				LD_RUNPATH_SEARCH_PATHS = (
					"$(inherited)",
					"@executable_path/Frameworks",
					"@executable_path/../../Frameworks",
				);
				MARKETING_VERSION = 1.0;
				PRODUCT_BUNDLE_IDENTIFIER = sezginpak.LifeStyles.FriendsWidget;
				PRODUCT_NAME = "$(TARGET_NAME)";
				SKIP_INSTALL = YES;
				STRING_CATALOG_GENERATE_SYMBOLS = YES;
				SWIFT_APPROACHABLE_CONCURRENCY = YES;
				SWIFT_EMIT_LOC_STRINGS = YES;
				SWIFT_UPCOMING_FEATURE_MEMBER_IMPORT_VISIBILITY = YES;
				SWIFT_VERSION = 5.0;
				TARGETED_DEVICE_FAMILY = "1,2";
			};
			name = Release;
		};
		D0E15C222E9FCEE7008E81C0 /* Debug */ = {
			isa = XCBuildConfiguration;
			buildSettings = {
				ALWAYS_SEARCH_USER_PATHS = NO;
				ASSETCATALOG_COMPILER_GENERATE_SWIFT_ASSET_SYMBOL_EXTENSIONS = YES;
				CLANG_ANALYZER_NONNULL = YES;
				CLANG_ANALYZER_NUMBER_OBJECT_CONVERSION = YES_AGGRESSIVE;
				CLANG_CXX_LANGUAGE_STANDARD = "gnu++20";
				CLANG_ENABLE_MODULES = YES;
				CLANG_ENABLE_OBJC_ARC = YES;
				CLANG_ENABLE_OBJC_WEAK = YES;
				CLANG_WARN_BLOCK_CAPTURE_AUTORELEASING = YES;
				CLANG_WARN_BOOL_CONVERSION = YES;
				CLANG_WARN_COMMA = YES;
				CLANG_WARN_CONSTANT_CONVERSION = YES;
				CLANG_WARN_DEPRECATED_OBJC_IMPLEMENTATIONS = YES;
				CLANG_WARN_DIRECT_OBJC_ISA_USAGE = YES_ERROR;
				CLANG_WARN_DOCUMENTATION_COMMENTS = YES;
				CLANG_WARN_EMPTY_BODY = YES;
				CLANG_WARN_ENUM_CONVERSION = YES;
				CLANG_WARN_INFINITE_RECURSION = YES;
				CLANG_WARN_INT_CONVERSION = YES;
				CLANG_WARN_NON_LITERAL_NULL_CONVERSION = YES;
				CLANG_WARN_OBJC_IMPLICIT_RETAIN_SELF = YES;
				CLANG_WARN_OBJC_LITERAL_CONVERSION = YES;
				CLANG_WARN_OBJC_ROOT_CLASS = YES_ERROR;
				CLANG_WARN_QUOTED_INCLUDE_IN_FRAMEWORK_HEADER = YES;
				CLANG_WARN_RANGE_LOOP_ANALYSIS = YES;
				CLANG_WARN_STRICT_PROTOTYPES = YES;
				CLANG_WARN_SUSPICIOUS_MOVE = YES;
				CLANG_WARN_UNGUARDED_AVAILABILITY = YES_AGGRESSIVE;
				CLANG_WARN_UNREACHABLE_CODE = YES;
				CLANG_WARN__DUPLICATE_METHOD_MATCH = YES;
				COPY_PHASE_STRIP = NO;
				DEBUG_INFORMATION_FORMAT = dwarf;
				DEVELOPMENT_TEAM = 5M7U3298D7;
				ENABLE_STRICT_OBJC_MSGSEND = YES;
				ENABLE_TESTABILITY = YES;
				ENABLE_USER_SCRIPT_SANDBOXING = YES;
				GCC_C_LANGUAGE_STANDARD = gnu17;
				GCC_DYNAMIC_NO_PIC = NO;
				GCC_NO_COMMON_BLOCKS = YES;
				GCC_OPTIMIZATION_LEVEL = 0;
				GCC_PREPROCESSOR_DEFINITIONS = (
					"DEBUG=1",
					"$(inherited)",
				);
				GCC_WARN_64_TO_32_BIT_CONVERSION = YES;
				GCC_WARN_ABOUT_RETURN_TYPE = YES_ERROR;
				GCC_WARN_UNDECLARED_SELECTOR = YES;
				GCC_WARN_UNINITIALIZED_AUTOS = YES_AGGRESSIVE;
				GCC_WARN_UNUSED_FUNCTION = YES;
				GCC_WARN_UNUSED_VARIABLE = YES;
				IPHONEOS_DEPLOYMENT_TARGET = 26.0;
				LOCALIZATION_PREFERS_STRING_CATALOGS = YES;
				MTL_ENABLE_DEBUG_INFO = INCLUDE_SOURCE;
				MTL_FAST_MATH = YES;
				ONLY_ACTIVE_ARCH = YES;
				SDKROOT = iphoneos;
				SWIFT_ACTIVE_COMPILATION_CONDITIONS = "DEBUG $(inherited)";
				SWIFT_OPTIMIZATION_LEVEL = "-Onone";
			};
			name = Debug;
		};
		D0E15C232E9FCEE7008E81C0 /* Release */ = {
			isa = XCBuildConfiguration;
			buildSettings = {
				ALWAYS_SEARCH_USER_PATHS = NO;
				ASSETCATALOG_COMPILER_GENERATE_SWIFT_ASSET_SYMBOL_EXTENSIONS = YES;
				CLANG_ANALYZER_NONNULL = YES;
				CLANG_ANALYZER_NUMBER_OBJECT_CONVERSION = YES_AGGRESSIVE;
				CLANG_CXX_LANGUAGE_STANDARD = "gnu++20";
				CLANG_ENABLE_MODULES = YES;
				CLANG_ENABLE_OBJC_ARC = YES;
				CLANG_ENABLE_OBJC_WEAK = YES;
				CLANG_WARN_BLOCK_CAPTURE_AUTORELEASING = YES;
				CLANG_WARN_BOOL_CONVERSION = YES;
				CLANG_WARN_COMMA = YES;
				CLANG_WARN_CONSTANT_CONVERSION = YES;
				CLANG_WARN_DEPRECATED_OBJC_IMPLEMENTATIONS = YES;
				CLANG_WARN_DIRECT_OBJC_ISA_USAGE = YES_ERROR;
				CLANG_WARN_DOCUMENTATION_COMMENTS = YES;
				CLANG_WARN_EMPTY_BODY = YES;
				CLANG_WARN_ENUM_CONVERSION = YES;
				CLANG_WARN_INFINITE_RECURSION = YES;
				CLANG_WARN_INT_CONVERSION = YES;
				CLANG_WARN_NON_LITERAL_NULL_CONVERSION = YES;
				CLANG_WARN_OBJC_IMPLICIT_RETAIN_SELF = YES;
				CLANG_WARN_OBJC_LITERAL_CONVERSION = YES;
				CLANG_WARN_OBJC_ROOT_CLASS = YES_ERROR;
				CLANG_WARN_QUOTED_INCLUDE_IN_FRAMEWORK_HEADER = YES;
				CLANG_WARN_RANGE_LOOP_ANALYSIS = YES;
				CLANG_WARN_STRICT_PROTOTYPES = YES;
				CLANG_WARN_SUSPICIOUS_MOVE = YES;
				CLANG_WARN_UNGUARDED_AVAILABILITY = YES_AGGRESSIVE;
				CLANG_WARN_UNREACHABLE_CODE = YES;
				CLANG_WARN__DUPLICATE_METHOD_MATCH = YES;
				COPY_PHASE_STRIP = NO;
				DEBUG_INFORMATION_FORMAT = "dwarf-with-dsym";
				DEVELOPMENT_TEAM = 5M7U3298D7;
				ENABLE_NS_ASSERTIONS = NO;
				ENABLE_STRICT_OBJC_MSGSEND = YES;
				ENABLE_USER_SCRIPT_SANDBOXING = YES;
				GCC_C_LANGUAGE_STANDARD = gnu17;
				GCC_NO_COMMON_BLOCKS = YES;
				GCC_WARN_64_TO_32_BIT_CONVERSION = YES;
				GCC_WARN_ABOUT_RETURN_TYPE = YES_ERROR;
				GCC_WARN_UNDECLARED_SELECTOR = YES;
				GCC_WARN_UNINITIALIZED_AUTOS = YES_AGGRESSIVE;
				GCC_WARN_UNUSED_FUNCTION = YES;
				GCC_WARN_UNUSED_VARIABLE = YES;
				IPHONEOS_DEPLOYMENT_TARGET = 26.0;
				LOCALIZATION_PREFERS_STRING_CATALOGS = YES;
				MTL_ENABLE_DEBUG_INFO = NO;
				MTL_FAST_MATH = YES;
				SDKROOT = iphoneos;
				SWIFT_COMPILATION_MODE = wholemodule;
				VALIDATE_PRODUCT = YES;
			};
			name = Release;
		};
		D0E15C252E9FCEE7008E81C0 /* Debug */ = {
			isa = XCBuildConfiguration;
			buildSettings = {
				ASSETCATALOG_COMPILER_APPICON_NAME = AppIcon;
				ASSETCATALOG_COMPILER_GLOBAL_ACCENT_COLOR_NAME = AccentColor;
				CODE_SIGN_ENTITLEMENTS = LifeStyles/LifeStyles.entitlements;
				CODE_SIGN_STYLE = Automatic;
				CURRENT_PROJECT_VERSION = 1;
				DEVELOPMENT_TEAM = 5M7U3298D7;
				ENABLE_PREVIEWS = YES;
				GENERATE_INFOPLIST_FILE = YES;
				INFOPLIST_FILE = LifeStyles/Info.plist;
				INFOPLIST_KEY_NSCalendarsFullAccessUsageDescription = "LifeStyles, toplantılarınız ve etkinliklerinize göre bildirim zamanlaması yapabilmek için takvim erişimine ihtiyaç duyar. Akıllı bildirimler meşgul olduğunuzda sizi rahatsız etmez.";
				INFOPLIST_KEY_NSCalendarsUsageDescription = "LifeStyles, toplantılarınız ve etkinliklerinize göre bildirim zamanlaması yapabilmek için takvim erişimine ihtiyaç duyar.";
				INFOPLIST_KEY_NSCameraUsageDescription = "Anılarınıza fotoğraf ve video eklemek için kamera erişimi gerekiyor.";
				INFOPLIST_KEY_NSContactsUsageDescription = "LifeStyles, önemli kişilerle düzenli iletişim kurmanıza yardımcı olmak için rehber erişimine ihtiyaç duyar. Verileriniz yalnızca cihazınızda saklanır.";
				INFOPLIST_KEY_NSFaceIDUsageDescription = "Gizli anılarınızı korumak için Face ID kullanılır.";
				INFOPLIST_KEY_NSLocationAlwaysAndWhenInUseUsageDescription = "LifeStyles, hayat kalitenizi artırmak için konumunuzu 15 dakikada bir kaydeder. Bu özellik arka planda da çalışır ve size konum bazlı aktivite önerileri sunar.";
				INFOPLIST_KEY_NSLocationAlwaysUsageDescription = "LifeStyles, hayat kalitenizi artırmak için konumunuzu 15 dakikada bir kaydeder. Bu özellik arka planda da çalışır ve size konum bazlı aktivite önerileri sunar.";
				INFOPLIST_KEY_NSLocationWhenInUseUsageDescription = "LifeStyles, size konum bazlı aktivite önerileri sunmak için konumunuza ihtiyaç duyar.";
				INFOPLIST_KEY_NSMicrophoneUsageDescription = "Video kaydetmek için mikrofon erişimi gerekiyor.";
				INFOPLIST_KEY_NSSupportsLiveActivities = YES;
				INFOPLIST_KEY_NSSupportsLiveActivitiesFrequentUpdates = YES;
				INFOPLIST_KEY_UIApplicationSceneManifest_Generation = YES;
				INFOPLIST_KEY_UIApplicationSupportsIndirectInputEvents = YES;
				INFOPLIST_KEY_UILaunchScreen_Generation = YES;
				INFOPLIST_KEY_UISupportedInterfaceOrientations = UIInterfaceOrientationPortrait;
				INFOPLIST_KEY_UISupportedInterfaceOrientations_iPad = "UIInterfaceOrientationPortrait UIInterfaceOrientationPortraitUpsideDown";
				LD_RUNPATH_SEARCH_PATHS = (
					"$(inherited)",
					"@executable_path/Frameworks",
				);
				MARKETING_VERSION = 1.0;
				PRODUCT_BUNDLE_IDENTIFIER = sezginpak.LifeStyles;
				PRODUCT_NAME = "$(TARGET_NAME)";
				SWIFT_EMIT_LOC_STRINGS = YES;
				SWIFT_VERSION = 5.0;
				TARGETED_DEVICE_FAMILY = "1,2";
			};
			name = Debug;
		};
		D0E15C262E9FCEE7008E81C0 /* Release */ = {
			isa = XCBuildConfiguration;
			buildSettings = {
				ASSETCATALOG_COMPILER_APPICON_NAME = AppIcon;
				ASSETCATALOG_COMPILER_GLOBAL_ACCENT_COLOR_NAME = AccentColor;
				CODE_SIGN_ENTITLEMENTS = LifeStyles/LifeStyles.entitlements;
				CODE_SIGN_STYLE = Automatic;
				CURRENT_PROJECT_VERSION = 1;
				DEVELOPMENT_TEAM = 5M7U3298D7;
				ENABLE_PREVIEWS = YES;
				GENERATE_INFOPLIST_FILE = YES;
				INFOPLIST_FILE = LifeStyles/Info.plist;
				INFOPLIST_KEY_NSCalendarsFullAccessUsageDescription = "LifeStyles, toplantılarınız ve etkinliklerinize göre bildirim zamanlaması yapabilmek için takvim erişimine ihtiyaç duyar. Akıllı bildirimler meşgul olduğunuzda sizi rahatsız etmez.";
				INFOPLIST_KEY_NSCalendarsUsageDescription = "LifeStyles, toplantılarınız ve etkinliklerinize göre bildirim zamanlaması yapabilmek için takvim erişimine ihtiyaç duyar.";
				INFOPLIST_KEY_NSCameraUsageDescription = "Anılarınıza fotoğraf ve video eklemek için kamera erişimi gerekiyor.";
				INFOPLIST_KEY_NSContactsUsageDescription = "LifeStyles, önemli kişilerle düzenli iletişim kurmanıza yardımcı olmak için rehber erişimine ihtiyaç duyar. Verileriniz yalnızca cihazınızda saklanır.";
				INFOPLIST_KEY_NSFaceIDUsageDescription = "Gizli anılarınızı korumak için Face ID kullanılır.";
				INFOPLIST_KEY_NSLocationAlwaysAndWhenInUseUsageDescription = "LifeStyles, hayat kalitenizi artırmak için konumunuzu 15 dakikada bir kaydeder. Bu özellik arka planda da çalışır ve size konum bazlı aktivite önerileri sunar.";
				INFOPLIST_KEY_NSLocationAlwaysUsageDescription = "LifeStyles, hayat kalitenizi artırmak için konumunuzu 15 dakikada bir kaydeder. Bu özellik arka planda da çalışır ve size konum bazlı aktivite önerileri sunar.";
				INFOPLIST_KEY_NSLocationWhenInUseUsageDescription = "LifeStyles, size konum bazlı aktivite önerileri sunmak için konumunuza ihtiyaç duyar.";
				INFOPLIST_KEY_NSMicrophoneUsageDescription = "Video kaydetmek için mikrofon erişimi gerekiyor.";
				INFOPLIST_KEY_NSSupportsLiveActivities = YES;
				INFOPLIST_KEY_NSSupportsLiveActivitiesFrequentUpdates = YES;
				INFOPLIST_KEY_UIApplicationSceneManifest_Generation = YES;
				INFOPLIST_KEY_UIApplicationSupportsIndirectInputEvents = YES;
				INFOPLIST_KEY_UILaunchScreen_Generation = YES;
				INFOPLIST_KEY_UISupportedInterfaceOrientations = UIInterfaceOrientationPortrait;
				INFOPLIST_KEY_UISupportedInterfaceOrientations_iPad = "UIInterfaceOrientationPortrait UIInterfaceOrientationPortraitUpsideDown";
				LD_RUNPATH_SEARCH_PATHS = (
					"$(inherited)",
					"@executable_path/Frameworks",
				);
				MARKETING_VERSION = 1.0;
				PRODUCT_BUNDLE_IDENTIFIER = sezginpak.LifeStyles;
				PRODUCT_NAME = "$(TARGET_NAME)";
				SWIFT_EMIT_LOC_STRINGS = YES;
				SWIFT_VERSION = 5.0;
				TARGETED_DEVICE_FAMILY = "1,2";
			};
			name = Release;
		};
/* End XCBuildConfiguration section */

/* Begin XCConfigurationList section */
		D000D25F2EB37D0900FF06DF /* Build configuration list for PBXNativeTarget "CallReminderWidgetExtension" */ = {
			isa = XCConfigurationList;
			buildConfigurations = (
				D000D2602EB37D0900FF06DF /* Debug */,
				D000D2612EB37D0900FF06DF /* Release */,
			);
			defaultConfigurationIsVisible = 0;
			defaultConfigurationName = Release;
		};
		D000DB072EBA901000FF06DF /* Build configuration list for PBXNativeTarget "FriendsWidgetExtension" */ = {
			isa = XCConfigurationList;
			buildConfigurations = (
				D000DB082EBA901000FF06DF /* Debug */,
				D000DB092EBA901000FF06DF /* Release */,
			);
			defaultConfigurationIsVisible = 0;
			defaultConfigurationName = Release;
		};
		D0E15C142E9FCEE6008E81C0 /* Build configuration list for PBXProject "LifeStyles" */ = {
			isa = XCConfigurationList;
			buildConfigurations = (
				D0E15C222E9FCEE7008E81C0 /* Debug */,
				D0E15C232E9FCEE7008E81C0 /* Release */,
			);
			defaultConfigurationIsVisible = 0;
			defaultConfigurationName = Release;
		};
		D0E15C242E9FCEE7008E81C0 /* Build configuration list for PBXNativeTarget "LifeStyles" */ = {
			isa = XCConfigurationList;
			buildConfigurations = (
				D0E15C252E9FCEE7008E81C0 /* Debug */,
				D0E15C262E9FCEE7008E81C0 /* Release */,
			);
			defaultConfigurationIsVisible = 0;
			defaultConfigurationName = Release;
		};
/* End XCConfigurationList section */
	};
	rootObject = D0E15C112E9FCEE6008E81C0 /* Project object */;
}
